// !$*UTF8*$!
{
	archiveVersion = 1;
	classes = {
	};
	objectVersion = 51;
	objects = {

/* Begin PBXBuildFile section */
		5F37D13225123C2900F58CD5 /* AppDelegate.swift in Sources */ = {isa = PBXBuildFile; fileRef = 5F37D13125123C2900F58CD5 /* AppDelegate.swift */; };
		5F37D13425123C2900F58CD5 /* SceneDelegate.swift in Sources */ = {isa = PBXBuildFile; fileRef = 5F37D13325123C2900F58CD5 /* SceneDelegate.swift */; };
		5F37D13925123C2900F58CD5 /* Main.storyboard in Resources */ = {isa = PBXBuildFile; fileRef = 5F37D13725123C2900F58CD5 /* Main.storyboard */; };
		5F37D13B25123C2A00F58CD5 /* Assets.xcassets in Resources */ = {isa = PBXBuildFile; fileRef = 5F37D13A25123C2A00F58CD5 /* Assets.xcassets */; };
		5F37D13E25123C2A00F58CD5 /* LaunchScreen.storyboard in Resources */ = {isa = PBXBuildFile; fileRef = 5F37D13C25123C2A00F58CD5 /* LaunchScreen.storyboard */; };
		5F37D14925123C2A00F58CD5 /* BusBudTests.swift in Sources */ = {isa = PBXBuildFile; fileRef = 5F37D14825123C2A00F58CD5 /* BusBudTests.swift */; };
		5F37D15425123C2A00F58CD5 /* BusBudUITests.swift in Sources */ = {isa = PBXBuildFile; fileRef = 5F37D15325123C2A00F58CD5 /* BusBudUITests.swift */; };
		5F5D474D2512456A002C8D8D /* Welcom_VC.swift in Sources */ = {isa = PBXBuildFile; fileRef = 5F5D474C2512456A002C8D8D /* Welcom_VC.swift */; };
		5F5D475E25124CB7002C8D8D /* Nunito-Light.ttf in Resources */ = {isa = PBXBuildFile; fileRef = 5F5D475A25124CB7002C8D8D /* Nunito-Light.ttf */; };
		5F5D475F25124CB7002C8D8D /* Nunito-SemiBold.ttf in Resources */ = {isa = PBXBuildFile; fileRef = 5F5D475B25124CB7002C8D8D /* Nunito-SemiBold.ttf */; };
		5F5D476025124CB7002C8D8D /* Nunito-Regular.ttf in Resources */ = {isa = PBXBuildFile; fileRef = 5F5D475C25124CB7002C8D8D /* Nunito-Regular.ttf */; };
		5F5D476125124CB7002C8D8D /* Nunito-Bold.ttf in Resources */ = {isa = PBXBuildFile; fileRef = 5F5D475D25124CB7002C8D8D /* Nunito-Bold.ttf */; };
		5F5D476625124F6D002C8D8D /* AppColors.swift in Sources */ = {isa = PBXBuildFile; fileRef = 5F5D476525124F6D002C8D8D /* AppColors.swift */; };
		5F5D476C251250E7002C8D8D /* UIView+Extensions.swift in Sources */ = {isa = PBXBuildFile; fileRef = 5F5D476B251250E7002C8D8D /* UIView+Extensions.swift */; };
		5F5D4771251258AE002C8D8D /* UserInfo_VC.swift in Sources */ = {isa = PBXBuildFile; fileRef = 5F5D4770251258AE002C8D8D /* UserInfo_VC.swift */; };
		5F5D477625125A62002C8D8D /* UIViewController+Extension.swift in Sources */ = {isa = PBXBuildFile; fileRef = 5F5D477525125A62002C8D8D /* UIViewController+Extension.swift */; };
		5F5D47832512616E002C8D8D /* MainTabBar_VC.swift in Sources */ = {isa = PBXBuildFile; fileRef = 5F5D47822512616E002C8D8D /* MainTabBar_VC.swift */; };
		5F5D47882512704B002C8D8D /* Search_VC.swift in Sources */ = {isa = PBXBuildFile; fileRef = 5F5D47872512704B002C8D8D /* Search_VC.swift */; };
		5F5D478D251270E1002C8D8D /* Tickets_VC.swift in Sources */ = {isa = PBXBuildFile; fileRef = 5F5D478C251270E1002C8D8D /* Tickets_VC.swift */; };
		5F5D4792251270F6002C8D8D /* Support_VC.swift in Sources */ = {isa = PBXBuildFile; fileRef = 5F5D4791251270F6002C8D8D /* Support_VC.swift */; };
		5F5D47972512710C002C8D8D /* Profile_VC.swift in Sources */ = {isa = PBXBuildFile; fileRef = 5F5D47962512710C002C8D8D /* Profile_VC.swift */; };
		5F5D479C25127160002C8D8D /* Global_Variables.swift in Sources */ = {isa = PBXBuildFile; fileRef = 5F5D479B25127160002C8D8D /* Global_Variables.swift */; };
		5F5D47A12512ADD3002C8D8D /* SearchResult_VC.swift in Sources */ = {isa = PBXBuildFile; fileRef = 5F5D47A02512ADD3002C8D8D /* SearchResult_VC.swift */; };
		5F9F5799251379E400C90215 /* APIClient.swift in Sources */ = {isa = PBXBuildFile; fileRef = 5F9F5798251379E400C90215 /* APIClient.swift */; };
		5F9F579E251379FB00C90215 /* APIParameterKey.swift in Sources */ = {isa = PBXBuildFile; fileRef = 5F9F579D251379FB00C90215 /* APIParameterKey.swift */; };
		5F9F57A025137A1400C90215 /* APIRouter.swift in Sources */ = {isa = PBXBuildFile; fileRef = 5F9F579F25137A1400C90215 /* APIRouter.swift */; };
		5F9F57A525137A4300C90215 /* NetworkConstants.swift in Sources */ = {isa = PBXBuildFile; fileRef = 5F9F57A425137A4300C90215 /* NetworkConstants.swift */; };
		5F9F57AA251386C200C90215 /* RouteModel.swift in Sources */ = {isa = PBXBuildFile; fileRef = 5F9F57A9251386C200C90215 /* RouteModel.swift */; };
		5F9F57AF2513881B00C90215 /* OperatorModel.swift in Sources */ = {isa = PBXBuildFile; fileRef = 5F9F57AE2513881B00C90215 /* OperatorModel.swift */; };
		5F9F57B42513896400C90215 /* DeparturesModel.swift in Sources */ = {isa = PBXBuildFile; fileRef = 5F9F57B32513896400C90215 /* DeparturesModel.swift */; };
		5FA0FBC925133EB800ACF5AD /* Title_View.swift in Sources */ = {isa = PBXBuildFile; fileRef = 5FA0FBC825133EB800ACF5AD /* Title_View.swift */; };
		5FA0FBCE25133ECA00ACF5AD /* Title_View.xib in Resources */ = {isa = PBXBuildFile; fileRef = 5FA0FBCD25133ECA00ACF5AD /* Title_View.xib */; };
		5FA0FBD32513417F00ACF5AD /* TitleViewModel.swift in Sources */ = {isa = PBXBuildFile; fileRef = 5FA0FBD22513417F00ACF5AD /* TitleViewModel.swift */; };
		5FA0FBD925134AE700ACF5AD /* SearchResultCell.swift in Sources */ = {isa = PBXBuildFile; fileRef = 5FA0FBD725134AE700ACF5AD /* SearchResultCell.swift */; };
		5FA0FBDA25134AE700ACF5AD /* SearchResultCell.xib in Resources */ = {isa = PBXBuildFile; fileRef = 5FA0FBD825134AE700ACF5AD /* SearchResultCell.xib */; };
		5FA0FBE3251368C500ACF5AD /* TicketCellViewModel.swift in Sources */ = {isa = PBXBuildFile; fileRef = 5FA0FBE2251368C500ACF5AD /* TicketCellViewModel.swift */; };
		E9C558C66B6AD9A7DDEC2AF5 /* Pods_BusBud.framework in Frameworks */ = {isa = PBXBuildFile; fileRef = BAC235AA796414CD00A19F44 /* Pods_BusBud.framework */; };
/* End PBXBuildFile section */

/* Begin PBXContainerItemProxy section */
		5F37D14525123C2A00F58CD5 /* PBXContainerItemProxy */ = {
			isa = PBXContainerItemProxy;
			containerPortal = 5F37D12625123C2900F58CD5 /* Project object */;
			proxyType = 1;
			remoteGlobalIDString = 5F37D12D25123C2900F58CD5;
			remoteInfo = BusBud;
		};
		5F37D15025123C2A00F58CD5 /* PBXContainerItemProxy */ = {
			isa = PBXContainerItemProxy;
			containerPortal = 5F37D12625123C2900F58CD5 /* Project object */;
			proxyType = 1;
			remoteGlobalIDString = 5F37D12D25123C2900F58CD5;
			remoteInfo = BusBud;
		};
/* End PBXContainerItemProxy section */

/* Begin PBXFileReference section */
		5F37D12E25123C2900F58CD5 /* BusBud.app */ = {isa = PBXFileReference; explicitFileType = wrapper.application; includeInIndex = 0; path = BusBud.app; sourceTree = BUILT_PRODUCTS_DIR; };
		5F37D13125123C2900F58CD5 /* AppDelegate.swift */ = {isa = PBXFileReference; lastKnownFileType = sourcecode.swift; path = AppDelegate.swift; sourceTree = "<group>"; };
		5F37D13325123C2900F58CD5 /* SceneDelegate.swift */ = {isa = PBXFileReference; lastKnownFileType = sourcecode.swift; path = SceneDelegate.swift; sourceTree = "<group>"; };
		5F37D13825123C2900F58CD5 /* Base */ = {isa = PBXFileReference; lastKnownFileType = file.storyboard; name = Base; path = Base.lproj/Main.storyboard; sourceTree = "<group>"; };
		5F37D13A25123C2A00F58CD5 /* Assets.xcassets */ = {isa = PBXFileReference; lastKnownFileType = folder.assetcatalog; path = Assets.xcassets; sourceTree = "<group>"; };
		5F37D13D25123C2A00F58CD5 /* Base */ = {isa = PBXFileReference; lastKnownFileType = file.storyboard; name = Base; path = Base.lproj/LaunchScreen.storyboard; sourceTree = "<group>"; };
		5F37D13F25123C2A00F58CD5 /* Info.plist */ = {isa = PBXFileReference; lastKnownFileType = text.plist.xml; path = Info.plist; sourceTree = "<group>"; };
		5F37D14425123C2A00F58CD5 /* BusBudTests.xctest */ = {isa = PBXFileReference; explicitFileType = wrapper.cfbundle; includeInIndex = 0; path = BusBudTests.xctest; sourceTree = BUILT_PRODUCTS_DIR; };
		5F37D14825123C2A00F58CD5 /* BusBudTests.swift */ = {isa = PBXFileReference; lastKnownFileType = sourcecode.swift; path = BusBudTests.swift; sourceTree = "<group>"; };
		5F37D14A25123C2A00F58CD5 /* Info.plist */ = {isa = PBXFileReference; lastKnownFileType = text.plist.xml; path = Info.plist; sourceTree = "<group>"; };
		5F37D14F25123C2A00F58CD5 /* BusBudUITests.xctest */ = {isa = PBXFileReference; explicitFileType = wrapper.cfbundle; includeInIndex = 0; path = BusBudUITests.xctest; sourceTree = BUILT_PRODUCTS_DIR; };
		5F37D15325123C2A00F58CD5 /* BusBudUITests.swift */ = {isa = PBXFileReference; lastKnownFileType = sourcecode.swift; path = BusBudUITests.swift; sourceTree = "<group>"; };
		5F37D15525123C2A00F58CD5 /* Info.plist */ = {isa = PBXFileReference; lastKnownFileType = text.plist.xml; path = Info.plist; sourceTree = "<group>"; };
		5F5D474C2512456A002C8D8D /* Welcom_VC.swift */ = {isa = PBXFileReference; lastKnownFileType = sourcecode.swift; path = Welcom_VC.swift; sourceTree = "<group>"; };
		5F5D475A25124CB7002C8D8D /* Nunito-Light.ttf */ = {isa = PBXFileReference; lastKnownFileType = file; path = "Nunito-Light.ttf"; sourceTree = "<group>"; };
		5F5D475B25124CB7002C8D8D /* Nunito-SemiBold.ttf */ = {isa = PBXFileReference; lastKnownFileType = file; path = "Nunito-SemiBold.ttf"; sourceTree = "<group>"; };
		5F5D475C25124CB7002C8D8D /* Nunito-Regular.ttf */ = {isa = PBXFileReference; lastKnownFileType = file; path = "Nunito-Regular.ttf"; sourceTree = "<group>"; };
		5F5D475D25124CB7002C8D8D /* Nunito-Bold.ttf */ = {isa = PBXFileReference; lastKnownFileType = file; path = "Nunito-Bold.ttf"; sourceTree = "<group>"; };
		5F5D476525124F6D002C8D8D /* AppColors.swift */ = {isa = PBXFileReference; lastKnownFileType = sourcecode.swift; path = AppColors.swift; sourceTree = "<group>"; };
		5F5D476B251250E7002C8D8D /* UIView+Extensions.swift */ = {isa = PBXFileReference; lastKnownFileType = sourcecode.swift; path = "UIView+Extensions.swift"; sourceTree = "<group>"; };
		5F5D4770251258AE002C8D8D /* UserInfo_VC.swift */ = {isa = PBXFileReference; lastKnownFileType = sourcecode.swift; path = UserInfo_VC.swift; sourceTree = "<group>"; };
		5F5D477525125A62002C8D8D /* UIViewController+Extension.swift */ = {isa = PBXFileReference; lastKnownFileType = sourcecode.swift; path = "UIViewController+Extension.swift"; sourceTree = "<group>"; };
		5F5D47822512616E002C8D8D /* MainTabBar_VC.swift */ = {isa = PBXFileReference; lastKnownFileType = sourcecode.swift; path = MainTabBar_VC.swift; sourceTree = "<group>"; };
		5F5D47872512704B002C8D8D /* Search_VC.swift */ = {isa = PBXFileReference; lastKnownFileType = sourcecode.swift; path = Search_VC.swift; sourceTree = "<group>"; };
		5F5D478C251270E1002C8D8D /* Tickets_VC.swift */ = {isa = PBXFileReference; lastKnownFileType = sourcecode.swift; path = Tickets_VC.swift; sourceTree = "<group>"; };
		5F5D4791251270F6002C8D8D /* Support_VC.swift */ = {isa = PBXFileReference; lastKnownFileType = sourcecode.swift; path = Support_VC.swift; sourceTree = "<group>"; };
		5F5D47962512710C002C8D8D /* Profile_VC.swift */ = {isa = PBXFileReference; lastKnownFileType = sourcecode.swift; path = Profile_VC.swift; sourceTree = "<group>"; };
		5F5D479B25127160002C8D8D /* Global_Variables.swift */ = {isa = PBXFileReference; fileEncoding = 4; lastKnownFileType = sourcecode.swift; path = Global_Variables.swift; sourceTree = "<group>"; };
		5F5D47A02512ADD3002C8D8D /* SearchResult_VC.swift */ = {isa = PBXFileReference; lastKnownFileType = sourcecode.swift; path = SearchResult_VC.swift; sourceTree = "<group>"; };
		5F9F5798251379E400C90215 /* APIClient.swift */ = {isa = PBXFileReference; lastKnownFileType = sourcecode.swift; path = APIClient.swift; sourceTree = "<group>"; };
		5F9F579D251379FB00C90215 /* APIParameterKey.swift */ = {isa = PBXFileReference; lastKnownFileType = sourcecode.swift; path = APIParameterKey.swift; sourceTree = "<group>"; };
		5F9F579F25137A1400C90215 /* APIRouter.swift */ = {isa = PBXFileReference; lastKnownFileType = sourcecode.swift; path = APIRouter.swift; sourceTree = "<group>"; };
		5F9F57A425137A4300C90215 /* NetworkConstants.swift */ = {isa = PBXFileReference; lastKnownFileType = sourcecode.swift; path = NetworkConstants.swift; sourceTree = "<group>"; };
		5F9F57A9251386C200C90215 /* RouteModel.swift */ = {isa = PBXFileReference; lastKnownFileType = sourcecode.swift; path = RouteModel.swift; sourceTree = "<group>"; };
		5F9F57AE2513881B00C90215 /* OperatorModel.swift */ = {isa = PBXFileReference; lastKnownFileType = sourcecode.swift; path = OperatorModel.swift; sourceTree = "<group>"; };
		5F9F57B32513896400C90215 /* DeparturesModel.swift */ = {isa = PBXFileReference; lastKnownFileType = sourcecode.swift; path = DeparturesModel.swift; sourceTree = "<group>"; };
		5FA0FBC825133EB800ACF5AD /* Title_View.swift */ = {isa = PBXFileReference; lastKnownFileType = sourcecode.swift; path = Title_View.swift; sourceTree = "<group>"; };
		5FA0FBCD25133ECA00ACF5AD /* Title_View.xib */ = {isa = PBXFileReference; lastKnownFileType = file.xib; path = Title_View.xib; sourceTree = "<group>"; };
		5FA0FBD22513417F00ACF5AD /* TitleViewModel.swift */ = {isa = PBXFileReference; lastKnownFileType = sourcecode.swift; path = TitleViewModel.swift; sourceTree = "<group>"; };
		5FA0FBD725134AE700ACF5AD /* SearchResultCell.swift */ = {isa = PBXFileReference; lastKnownFileType = sourcecode.swift; path = SearchResultCell.swift; sourceTree = "<group>"; };
		5FA0FBD825134AE700ACF5AD /* SearchResultCell.xib */ = {isa = PBXFileReference; lastKnownFileType = file.xib; path = SearchResultCell.xib; sourceTree = "<group>"; };
		5FA0FBE2251368C500ACF5AD /* TicketCellViewModel.swift */ = {isa = PBXFileReference; lastKnownFileType = sourcecode.swift; path = TicketCellViewModel.swift; sourceTree = "<group>"; };
		880CFEC3EA41A1DFBB06D467 /* Pods-BusBud.release.xcconfig */ = {isa = PBXFileReference; includeInIndex = 1; lastKnownFileType = text.xcconfig; name = "Pods-BusBud.release.xcconfig"; path = "Target Support Files/Pods-BusBud/Pods-BusBud.release.xcconfig"; sourceTree = "<group>"; };
		9B5040644855DEE446CE27DB /* Pods-BusBud.debug.xcconfig */ = {isa = PBXFileReference; includeInIndex = 1; lastKnownFileType = text.xcconfig; name = "Pods-BusBud.debug.xcconfig"; path = "Target Support Files/Pods-BusBud/Pods-BusBud.debug.xcconfig"; sourceTree = "<group>"; };
		BAC235AA796414CD00A19F44 /* Pods_BusBud.framework */ = {isa = PBXFileReference; explicitFileType = wrapper.framework; includeInIndex = 0; path = Pods_BusBud.framework; sourceTree = BUILT_PRODUCTS_DIR; };
/* End PBXFileReference section */

/* Begin PBXFrameworksBuildPhase section */
		5F37D12B25123C2900F58CD5 /* Frameworks */ = {
			isa = PBXFrameworksBuildPhase;
			buildActionMask = 2147483647;
			files = (
				E9C558C66B6AD9A7DDEC2AF5 /* Pods_BusBud.framework in Frameworks */,
			);
			runOnlyForDeploymentPostprocessing = 0;
		};
		5F37D14125123C2A00F58CD5 /* Frameworks */ = {
			isa = PBXFrameworksBuildPhase;
			buildActionMask = 2147483647;
			files = (
			);
			runOnlyForDeploymentPostprocessing = 0;
		};
		5F37D14C25123C2A00F58CD5 /* Frameworks */ = {
			isa = PBXFrameworksBuildPhase;
			buildActionMask = 2147483647;
			files = (
			);
			runOnlyForDeploymentPostprocessing = 0;
		};
/* End PBXFrameworksBuildPhase section */

/* Begin PBXGroup section */
		5F37D12525123C2900F58CD5 = {
			isa = PBXGroup;
			children = (
				5F37D13025123C2900F58CD5 /* BusBud */,
				5F37D14725123C2A00F58CD5 /* BusBudTests */,
				5F37D15225123C2A00F58CD5 /* BusBudUITests */,
				5F37D12F25123C2900F58CD5 /* Products */,
				6EF835973C1DAF21AE0A4318 /* Pods */,
				840E69F246579ED98E6123C2 /* Frameworks */,
			);
			sourceTree = "<group>";
		};
		5F37D12F25123C2900F58CD5 /* Products */ = {
			isa = PBXGroup;
			children = (
				5F37D12E25123C2900F58CD5 /* BusBud.app */,
				5F37D14425123C2A00F58CD5 /* BusBudTests.xctest */,
				5F37D14F25123C2A00F58CD5 /* BusBudUITests.xctest */,
			);
			name = Products;
			sourceTree = "<group>";
		};
		5F37D13025123C2900F58CD5 /* BusBud */ = {
			isa = PBXGroup;
			children = (
				5F5D476A251250BB002C8D8D /* Extensions */,
				5F5D473F25123EB1002C8D8D /* Resources */,
				5F5D473E25123EA7002C8D8D /* Network */,
				5F5D473D25123E91002C8D8D /* Model */,
				5F5D473C25123E88002C8D8D /* View */,
				5F5D473B25123E7C002C8D8D /* Controller */,
				5F37D13125123C2900F58CD5 /* AppDelegate.swift */,
				5F37D13325123C2900F58CD5 /* SceneDelegate.swift */,
				5F37D13F25123C2A00F58CD5 /* Info.plist */,
			);
			path = BusBud;
			sourceTree = "<group>";
		};
		5F37D14725123C2A00F58CD5 /* BusBudTests */ = {
			isa = PBXGroup;
			children = (
				5F37D14825123C2A00F58CD5 /* BusBudTests.swift */,
				5F37D14A25123C2A00F58CD5 /* Info.plist */,
			);
			path = BusBudTests;
			sourceTree = "<group>";
		};
		5F37D15225123C2A00F58CD5 /* BusBudUITests */ = {
			isa = PBXGroup;
			children = (
				5F37D15325123C2A00F58CD5 /* BusBudUITests.swift */,
				5F37D15525123C2A00F58CD5 /* Info.plist */,
			);
			path = BusBudUITests;
			sourceTree = "<group>";
		};
		5F5D473B25123E7C002C8D8D /* Controller */ = {
			isa = PBXGroup;
			children = (
				5F5D474C2512456A002C8D8D /* Welcom_VC.swift */,
				5F5D4770251258AE002C8D8D /* UserInfo_VC.swift */,
				5F5D47822512616E002C8D8D /* MainTabBar_VC.swift */,
				5F5D47872512704B002C8D8D /* Search_VC.swift */,
				5F5D478C251270E1002C8D8D /* Tickets_VC.swift */,
				5F5D4791251270F6002C8D8D /* Support_VC.swift */,
				5F5D47962512710C002C8D8D /* Profile_VC.swift */,
				5F5D47A02512ADD3002C8D8D /* SearchResult_VC.swift */,
			);
			path = Controller;
			sourceTree = "<group>";
		};
		5F5D473C25123E88002C8D8D /* View */ = {
			isa = PBXGroup;
			children = (
				5FA0FBDE25134AEF00ACF5AD /* SearchResultCell */,
				5FA0FBC725133E9600ACF5AD /* TitleView */,
				5F37D13725123C2900F58CD5 /* Main.storyboard */,
				5F37D13C25123C2A00F58CD5 /* LaunchScreen.storyboard */,
			);
			path = View;
			sourceTree = "<group>";
		};
		5F5D473D25123E91002C8D8D /* Model */ = {
			isa = PBXGroup;
			children = (
				5FA0FBD22513417F00ACF5AD /* TitleViewModel.swift */,
				5FA0FBE2251368C500ACF5AD /* TicketCellViewModel.swift */,
				5F9F57A9251386C200C90215 /* RouteModel.swift */,
				5F9F57AE2513881B00C90215 /* OperatorModel.swift */,
				5F9F57B32513896400C90215 /* DeparturesModel.swift */,
			);
			path = Model;
			sourceTree = "<group>";
		};
		5F5D473E25123EA7002C8D8D /* Network */ = {
			isa = PBXGroup;
			children = (
				5F9F5798251379E400C90215 /* APIClient.swift */,
				5F9F579D251379FB00C90215 /* APIParameterKey.swift */,
				5F9F579F25137A1400C90215 /* APIRouter.swift */,
				5F9F57A425137A4300C90215 /* NetworkConstants.swift */,
			);
			path = Network;
			sourceTree = "<group>";
		};
		5F5D473F25123EB1002C8D8D /* Resources */ = {
			isa = PBXGroup;
			children = (
				5F5D475925124CAB002C8D8D /* Fonts */,
				5F37D13A25123C2A00F58CD5 /* Assets.xcassets */,
				5F5D476525124F6D002C8D8D /* AppColors.swift */,
				5F5D479B25127160002C8D8D /* Global_Variables.swift */,
			);
			path = Resources;
			sourceTree = "<group>";
		};
		5F5D475925124CAB002C8D8D /* Fonts */ = {
			isa = PBXGroup;
			children = (
				5F5D475D25124CB7002C8D8D /* Nunito-Bold.ttf */,
				5F5D475A25124CB7002C8D8D /* Nunito-Light.ttf */,
				5F5D475C25124CB7002C8D8D /* Nunito-Regular.ttf */,
				5F5D475B25124CB7002C8D8D /* Nunito-SemiBold.ttf */,
			);
			path = Fonts;
			sourceTree = "<group>";
		};
		5F5D476A251250BB002C8D8D /* Extensions */ = {
			isa = PBXGroup;
			children = (
				5F5D476B251250E7002C8D8D /* UIView+Extensions.swift */,
				5F5D477525125A62002C8D8D /* UIViewController+Extension.swift */,
			);
			path = Extensions;
			sourceTree = "<group>";
		};
		5FA0FBC725133E9600ACF5AD /* TitleView */ = {
			isa = PBXGroup;
			children = (
				5FA0FBC825133EB800ACF5AD /* Title_View.swift */,
				5FA0FBCD25133ECA00ACF5AD /* Title_View.xib */,
			);
			path = TitleView;
			sourceTree = "<group>";
		};
		5FA0FBDE25134AEF00ACF5AD /* SearchResultCell */ = {
			isa = PBXGroup;
			children = (
				5FA0FBD725134AE700ACF5AD /* SearchResultCell.swift */,
				5FA0FBD825134AE700ACF5AD /* SearchResultCell.xib */,
			);
			path = SearchResultCell;
			sourceTree = "<group>";
		};
		6EF835973C1DAF21AE0A4318 /* Pods */ = {
			isa = PBXGroup;
			children = (
				9B5040644855DEE446CE27DB /* Pods-BusBud.debug.xcconfig */,
				880CFEC3EA41A1DFBB06D467 /* Pods-BusBud.release.xcconfig */,
			);
			path = Pods;
			sourceTree = "<group>";
		};
		840E69F246579ED98E6123C2 /* Frameworks */ = {
			isa = PBXGroup;
			children = (
				BAC235AA796414CD00A19F44 /* Pods_BusBud.framework */,
			);
			name = Frameworks;
			sourceTree = "<group>";
		};
/* End PBXGroup section */

/* Begin PBXNativeTarget section */
		5F37D12D25123C2900F58CD5 /* BusBud */ = {
			isa = PBXNativeTarget;
			buildConfigurationList = 5F37D15825123C2A00F58CD5 /* Build configuration list for PBXNativeTarget "BusBud" */;
			buildPhases = (
				150A7F4858C3F14B3CFE1137 /* [CP] Check Pods Manifest.lock */,
				5F37D12A25123C2900F58CD5 /* Sources */,
				5F37D12B25123C2900F58CD5 /* Frameworks */,
				5F37D12C25123C2900F58CD5 /* Resources */,
				5533A8DDEA5B67671CA22F5E /* [CP] Embed Pods Frameworks */,
			);
			buildRules = (
			);
			dependencies = (
			);
			name = BusBud;
			productName = BusBud;
			productReference = 5F37D12E25123C2900F58CD5 /* BusBud.app */;
			productType = "com.apple.product-type.application";
		};
		5F37D14325123C2A00F58CD5 /* BusBudTests */ = {
			isa = PBXNativeTarget;
			buildConfigurationList = 5F37D15B25123C2A00F58CD5 /* Build configuration list for PBXNativeTarget "BusBudTests" */;
			buildPhases = (
				5F37D14025123C2A00F58CD5 /* Sources */,
				5F37D14125123C2A00F58CD5 /* Frameworks */,
				5F37D14225123C2A00F58CD5 /* Resources */,
			);
			buildRules = (
			);
			dependencies = (
				5F37D14625123C2A00F58CD5 /* PBXTargetDependency */,
			);
			name = BusBudTests;
			productName = BusBudTests;
			productReference = 5F37D14425123C2A00F58CD5 /* BusBudTests.xctest */;
			productType = "com.apple.product-type.bundle.unit-test";
		};
		5F37D14E25123C2A00F58CD5 /* BusBudUITests */ = {
			isa = PBXNativeTarget;
			buildConfigurationList = 5F37D15E25123C2A00F58CD5 /* Build configuration list for PBXNativeTarget "BusBudUITests" */;
			buildPhases = (
				5F37D14B25123C2A00F58CD5 /* Sources */,
				5F37D14C25123C2A00F58CD5 /* Frameworks */,
				5F37D14D25123C2A00F58CD5 /* Resources */,
			);
			buildRules = (
			);
			dependencies = (
				5F37D15125123C2A00F58CD5 /* PBXTargetDependency */,
			);
			name = BusBudUITests;
			productName = BusBudUITests;
			productReference = 5F37D14F25123C2A00F58CD5 /* BusBudUITests.xctest */;
			productType = "com.apple.product-type.bundle.ui-testing";
		};
/* End PBXNativeTarget section */

/* Begin PBXProject section */
		5F37D12625123C2900F58CD5 /* Project object */ = {
			isa = PBXProject;
			attributes = {
				LastSwiftUpdateCheck = 1200;
				LastUpgradeCheck = 1200;
				TargetAttributes = {
					5F37D12D25123C2900F58CD5 = {
						CreatedOnToolsVersion = 12.0;
					};
					5F37D14325123C2A00F58CD5 = {
						CreatedOnToolsVersion = 12.0;
						TestTargetID = 5F37D12D25123C2900F58CD5;
					};
					5F37D14E25123C2A00F58CD5 = {
						CreatedOnToolsVersion = 12.0;
						TestTargetID = 5F37D12D25123C2900F58CD5;
					};
				};
			};
			buildConfigurationList = 5F37D12925123C2900F58CD5 /* Build configuration list for PBXProject "BusBud" */;
			compatibilityVersion = "Xcode 9.3";
			developmentRegion = en;
			hasScannedForEncodings = 0;
			knownRegions = (
				en,
				Base,
			);
			mainGroup = 5F37D12525123C2900F58CD5;
			productRefGroup = 5F37D12F25123C2900F58CD5 /* Products */;
			projectDirPath = "";
			projectRoot = "";
			targets = (
				5F37D12D25123C2900F58CD5 /* BusBud */,
				5F37D14325123C2A00F58CD5 /* BusBudTests */,
				5F37D14E25123C2A00F58CD5 /* BusBudUITests */,
			);
		};
/* End PBXProject section */

/* Begin PBXResourcesBuildPhase section */
		5F37D12C25123C2900F58CD5 /* Resources */ = {
			isa = PBXResourcesBuildPhase;
			buildActionMask = 2147483647;
			files = (
				5F5D476125124CB7002C8D8D /* Nunito-Bold.ttf in Resources */,
				5F5D476025124CB7002C8D8D /* Nunito-Regular.ttf in Resources */,
				5F37D13E25123C2A00F58CD5 /* LaunchScreen.storyboard in Resources */,
				5FA0FBCE25133ECA00ACF5AD /* Title_View.xib in Resources */,
				5FA0FBDA25134AE700ACF5AD /* SearchResultCell.xib in Resources */,
				5F37D13B25123C2A00F58CD5 /* Assets.xcassets in Resources */,
				5F5D475E25124CB7002C8D8D /* Nunito-Light.ttf in Resources */,
				5F37D13925123C2900F58CD5 /* Main.storyboard in Resources */,
				5F5D475F25124CB7002C8D8D /* Nunito-SemiBold.ttf in Resources */,
			);
			runOnlyForDeploymentPostprocessing = 0;
		};
		5F37D14225123C2A00F58CD5 /* Resources */ = {
			isa = PBXResourcesBuildPhase;
			buildActionMask = 2147483647;
			files = (
			);
			runOnlyForDeploymentPostprocessing = 0;
		};
		5F37D14D25123C2A00F58CD5 /* Resources */ = {
			isa = PBXResourcesBuildPhase;
			buildActionMask = 2147483647;
			files = (
			);
			runOnlyForDeploymentPostprocessing = 0;
		};
/* End PBXResourcesBuildPhase section */

/* Begin PBXShellScriptBuildPhase section */
		150A7F4858C3F14B3CFE1137 /* [CP] Check Pods Manifest.lock */ = {
			isa = PBXShellScriptBuildPhase;
			buildActionMask = 2147483647;
			files = (
			);
			inputFileListPaths = (
			);
			inputPaths = (
				"${PODS_PODFILE_DIR_PATH}/Podfile.lock",
				"${PODS_ROOT}/Manifest.lock",
			);
			name = "[CP] Check Pods Manifest.lock";
			outputFileListPaths = (
			);
			outputPaths = (
				"$(DERIVED_FILE_DIR)/Pods-BusBud-checkManifestLockResult.txt",
			);
			runOnlyForDeploymentPostprocessing = 0;
			shellPath = /bin/sh;
			shellScript = "diff \"${PODS_PODFILE_DIR_PATH}/Podfile.lock\" \"${PODS_ROOT}/Manifest.lock\" > /dev/null\nif [ $? != 0 ] ; then\n    # print error to STDERR\n    echo \"error: The sandbox is not in sync with the Podfile.lock. Run 'pod install' or update your CocoaPods installation.\" >&2\n    exit 1\nfi\n# This output is used by Xcode 'outputs' to avoid re-running this script phase.\necho \"SUCCESS\" > \"${SCRIPT_OUTPUT_FILE_0}\"\n";
			showEnvVarsInLog = 0;
		};
		5533A8DDEA5B67671CA22F5E /* [CP] Embed Pods Frameworks */ = {
			isa = PBXShellScriptBuildPhase;
			buildActionMask = 2147483647;
			files = (
			);
			inputFileListPaths = (
				"${PODS_ROOT}/Target Support Files/Pods-BusBud/Pods-BusBud-frameworks-${CONFIGURATION}-input-files.xcfilelist",
			);
			name = "[CP] Embed Pods Frameworks";
			outputFileListPaths = (
				"${PODS_ROOT}/Target Support Files/Pods-BusBud/Pods-BusBud-frameworks-${CONFIGURATION}-output-files.xcfilelist",
			);
			runOnlyForDeploymentPostprocessing = 0;
			shellPath = /bin/sh;
			shellScript = "\"${PODS_ROOT}/Target Support Files/Pods-BusBud/Pods-BusBud-frameworks.sh\"\n";
			showEnvVarsInLog = 0;
		};
/* End PBXShellScriptBuildPhase section */

/* Begin PBXSourcesBuildPhase section */
		5F37D12A25123C2900F58CD5 /* Sources */ = {
			isa = PBXSourcesBuildPhase;
			buildActionMask = 2147483647;
			files = (
				5F5D478D251270E1002C8D8D /* Tickets_VC.swift in Sources */,
				5F37D13225123C2900F58CD5 /* AppDelegate.swift in Sources */,
				5F9F57A525137A4300C90215 /* NetworkConstants.swift in Sources */,
				5F5D4792251270F6002C8D8D /* Support_VC.swift in Sources */,
				5FA0FBC925133EB800ACF5AD /* Title_View.swift in Sources */,
				5F5D476625124F6D002C8D8D /* AppColors.swift in Sources */,
				5F5D476C251250E7002C8D8D /* UIView+Extensions.swift in Sources */,
				5F9F5799251379E400C90215 /* APIClient.swift in Sources */,
				5F9F57A025137A1400C90215 /* APIRouter.swift in Sources */,
				5F9F57AA251386C200C90215 /* RouteModel.swift in Sources */,
				5FA0FBD925134AE700ACF5AD /* SearchResultCell.swift in Sources */,
				5F5D4771251258AE002C8D8D /* UserInfo_VC.swift in Sources */,
				5F5D47882512704B002C8D8D /* Search_VC.swift in Sources */,
				5F5D477625125A62002C8D8D /* UIViewController+Extension.swift in Sources */,
				5F5D47972512710C002C8D8D /* Profile_VC.swift in Sources */,
				5F9F579E251379FB00C90215 /* APIParameterKey.swift in Sources */,
				5F5D479C25127160002C8D8D /* Global_Variables.swift in Sources */,
				5FA0FBE3251368C500ACF5AD /* TicketCellViewModel.swift in Sources */,
				5F5D474D2512456A002C8D8D /* Welcom_VC.swift in Sources */,
				5F9F57AF2513881B00C90215 /* OperatorModel.swift in Sources */,
				5F37D13425123C2900F58CD5 /* SceneDelegate.swift in Sources */,
				5F9F57B42513896400C90215 /* DeparturesModel.swift in Sources */,
				5FA0FBD32513417F00ACF5AD /* TitleViewModel.swift in Sources */,
				5F5D47832512616E002C8D8D /* MainTabBar_VC.swift in Sources */,
				5F5D47A12512ADD3002C8D8D /* SearchResult_VC.swift in Sources */,
			);
			runOnlyForDeploymentPostprocessing = 0;
		};
		5F37D14025123C2A00F58CD5 /* Sources */ = {
			isa = PBXSourcesBuildPhase;
			buildActionMask = 2147483647;
			files = (
				5F37D14925123C2A00F58CD5 /* BusBudTests.swift in Sources */,
			);
			runOnlyForDeploymentPostprocessing = 0;
		};
		5F37D14B25123C2A00F58CD5 /* Sources */ = {
			isa = PBXSourcesBuildPhase;
			buildActionMask = 2147483647;
			files = (
				5F37D15425123C2A00F58CD5 /* BusBudUITests.swift in Sources */,
			);
			runOnlyForDeploymentPostprocessing = 0;
		};
/* End PBXSourcesBuildPhase section */

/* Begin PBXTargetDependency section */
		5F37D14625123C2A00F58CD5 /* PBXTargetDependency */ = {
			isa = PBXTargetDependency;
			target = 5F37D12D25123C2900F58CD5 /* BusBud */;
			targetProxy = 5F37D14525123C2A00F58CD5 /* PBXContainerItemProxy */;
		};
		5F37D15125123C2A00F58CD5 /* PBXTargetDependency */ = {
			isa = PBXTargetDependency;
			target = 5F37D12D25123C2900F58CD5 /* BusBud */;
			targetProxy = 5F37D15025123C2A00F58CD5 /* PBXContainerItemProxy */;
		};
/* End PBXTargetDependency section */

/* Begin PBXVariantGroup section */
		5F37D13725123C2900F58CD5 /* Main.storyboard */ = {
			isa = PBXVariantGroup;
			children = (
				5F37D13825123C2900F58CD5 /* Base */,
			);
			name = Main.storyboard;
			sourceTree = "<group>";
		};
		5F37D13C25123C2A00F58CD5 /* LaunchScreen.storyboard */ = {
			isa = PBXVariantGroup;
			children = (
				5F37D13D25123C2A00F58CD5 /* Base */,
			);
			name = LaunchScreen.storyboard;
			sourceTree = "<group>";
		};
/* End PBXVariantGroup section */

/* Begin XCBuildConfiguration section */
		5F37D15625123C2A00F58CD5 /* Debug */ = {
			isa = XCBuildConfiguration;
			buildSettings = {
				ALWAYS_SEARCH_USER_PATHS = NO;
				CLANG_ANALYZER_NONNULL = YES;
				CLANG_ANALYZER_NUMBER_OBJECT_CONVERSION = YES_AGGRESSIVE;
				CLANG_CXX_LANGUAGE_STANDARD = "gnu++14";
				CLANG_CXX_LIBRARY = "libc++";
				CLANG_ENABLE_MODULES = YES;
				CLANG_ENABLE_OBJC_ARC = YES;
				CLANG_ENABLE_OBJC_WEAK = YES;
				CLANG_WARN_BLOCK_CAPTURE_AUTORELEASING = YES;
				CLANG_WARN_BOOL_CONVERSION = YES;
				CLANG_WARN_COMMA = YES;
				CLANG_WARN_CONSTANT_CONVERSION = YES;
				CLANG_WARN_DEPRECATED_OBJC_IMPLEMENTATIONS = YES;
				CLANG_WARN_DIRECT_OBJC_ISA_USAGE = YES_ERROR;
				CLANG_WARN_DOCUMENTATION_COMMENTS = YES;
				CLANG_WARN_EMPTY_BODY = YES;
				CLANG_WARN_ENUM_CONVERSION = YES;
				CLANG_WARN_INFINITE_RECURSION = YES;
				CLANG_WARN_INT_CONVERSION = YES;
				CLANG_WARN_NON_LITERAL_NULL_CONVERSION = YES;
				CLANG_WARN_OBJC_IMPLICIT_RETAIN_SELF = YES;
				CLANG_WARN_OBJC_LITERAL_CONVERSION = YES;
				CLANG_WARN_OBJC_ROOT_CLASS = YES_ERROR;
				CLANG_WARN_QUOTED_INCLUDE_IN_FRAMEWORK_HEADER = YES;
				CLANG_WARN_RANGE_LOOP_ANALYSIS = YES;
				CLANG_WARN_STRICT_PROTOTYPES = YES;
				CLANG_WARN_SUSPICIOUS_MOVE = YES;
				CLANG_WARN_UNGUARDED_AVAILABILITY = YES_AGGRESSIVE;
				CLANG_WARN_UNREACHABLE_CODE = YES;
				CLANG_WARN__DUPLICATE_METHOD_MATCH = YES;
				COPY_PHASE_STRIP = NO;
				DEBUG_INFORMATION_FORMAT = dwarf;
				ENABLE_STRICT_OBJC_MSGSEND = YES;
				ENABLE_TESTABILITY = YES;
				GCC_C_LANGUAGE_STANDARD = gnu11;
				GCC_DYNAMIC_NO_PIC = NO;
				GCC_NO_COMMON_BLOCKS = YES;
				GCC_OPTIMIZATION_LEVEL = 0;
				GCC_PREPROCESSOR_DEFINITIONS = (
					"DEBUG=1",
					"$(inherited)",
				);
				GCC_WARN_64_TO_32_BIT_CONVERSION = YES;
				GCC_WARN_ABOUT_RETURN_TYPE = YES_ERROR;
				GCC_WARN_UNDECLARED_SELECTOR = YES;
				GCC_WARN_UNINITIALIZED_AUTOS = YES_AGGRESSIVE;
				GCC_WARN_UNUSED_FUNCTION = YES;
				GCC_WARN_UNUSED_VARIABLE = YES;
				IPHONEOS_DEPLOYMENT_TARGET = 13.0;
				MTL_ENABLE_DEBUG_INFO = INCLUDE_SOURCE;
				MTL_FAST_MATH = YES;
				ONLY_ACTIVE_ARCH = YES;
				SDKROOT = iphoneos;
				SWIFT_ACTIVE_COMPILATION_CONDITIONS = DEBUG;
				SWIFT_OPTIMIZATION_LEVEL = "-Onone";
			};
			name = Debug;
		};
		5F37D15725123C2A00F58CD5 /* Release */ = {
			isa = XCBuildConfiguration;
			buildSettings = {
				ALWAYS_SEARCH_USER_PATHS = NO;
				CLANG_ANALYZER_NONNULL = YES;
				CLANG_ANALYZER_NUMBER_OBJECT_CONVERSION = YES_AGGRESSIVE;
				CLANG_CXX_LANGUAGE_STANDARD = "gnu++14";
				CLANG_CXX_LIBRARY = "libc++";
				CLANG_ENABLE_MODULES = YES;
				CLANG_ENABLE_OBJC_ARC = YES;
				CLANG_ENABLE_OBJC_WEAK = YES;
				CLANG_WARN_BLOCK_CAPTURE_AUTORELEASING = YES;
				CLANG_WARN_BOOL_CONVERSION = YES;
				CLANG_WARN_COMMA = YES;
				CLANG_WARN_CONSTANT_CONVERSION = YES;
				CLANG_WARN_DEPRECATED_OBJC_IMPLEMENTATIONS = YES;
				CLANG_WARN_DIRECT_OBJC_ISA_USAGE = YES_ERROR;
				CLANG_WARN_DOCUMENTATION_COMMENTS = YES;
				CLANG_WARN_EMPTY_BODY = YES;
				CLANG_WARN_ENUM_CONVERSION = YES;
				CLANG_WARN_INFINITE_RECURSION = YES;
				CLANG_WARN_INT_CONVERSION = YES;
				CLANG_WARN_NON_LITERAL_NULL_CONVERSION = YES;
				CLANG_WARN_OBJC_IMPLICIT_RETAIN_SELF = YES;
				CLANG_WARN_OBJC_LITERAL_CONVERSION = YES;
				CLANG_WARN_OBJC_ROOT_CLASS = YES_ERROR;
				CLANG_WARN_QUOTED_INCLUDE_IN_FRAMEWORK_HEADER = YES;
				CLANG_WARN_RANGE_LOOP_ANALYSIS = YES;
				CLANG_WARN_STRICT_PROTOTYPES = YES;
				CLANG_WARN_SUSPICIOUS_MOVE = YES;
				CLANG_WARN_UNGUARDED_AVAILABILITY = YES_AGGRESSIVE;
				CLANG_WARN_UNREACHABLE_CODE = YES;
				CLANG_WARN__DUPLICATE_METHOD_MATCH = YES;
				COPY_PHASE_STRIP = NO;
				DEBUG_INFORMATION_FORMAT = "dwarf-with-dsym";
				ENABLE_NS_ASSERTIONS = NO;
				ENABLE_STRICT_OBJC_MSGSEND = YES;
				GCC_C_LANGUAGE_STANDARD = gnu11;
				GCC_NO_COMMON_BLOCKS = YES;
				GCC_WARN_64_TO_32_BIT_CONVERSION = YES;
				GCC_WARN_ABOUT_RETURN_TYPE = YES_ERROR;
				GCC_WARN_UNDECLARED_SELECTOR = YES;
				GCC_WARN_UNINITIALIZED_AUTOS = YES_AGGRESSIVE;
				GCC_WARN_UNUSED_FUNCTION = YES;
				GCC_WARN_UNUSED_VARIABLE = YES;
				IPHONEOS_DEPLOYMENT_TARGET = 13.0;
				MTL_ENABLE_DEBUG_INFO = NO;
				MTL_FAST_MATH = YES;
				SDKROOT = iphoneos;
				SWIFT_COMPILATION_MODE = wholemodule;
				SWIFT_OPTIMIZATION_LEVEL = "-O";
				VALIDATE_PRODUCT = YES;
			};
			name = Release;
		};
		5F37D15925123C2A00F58CD5 /* Debug */ = {
			isa = XCBuildConfiguration;
			baseConfigurationReference = 9B5040644855DEE446CE27DB /* Pods-BusBud.debug.xcconfig */;
			buildSettings = {
				ASSETCATALOG_COMPILER_APPICON_NAME = AppIcon;
				ASSETCATALOG_COMPILER_GLOBAL_ACCENT_COLOR_NAME = AccentColor;
				CODE_SIGN_STYLE = Automatic;
				DEVELOPMENT_TEAM = 74W4KWPA75;
				INFOPLIST_FILE = BusBud/Info.plist;
				LD_RUNPATH_SEARCH_PATHS = (
					"$(inherited)",
					"@executable_path/Frameworks",
				);
				MARKETING_VERSION = 1.0.0;
				PRODUCT_BUNDLE_IDENTIFIER = com.sajjadsarkoobi.BusBud;
				PRODUCT_NAME = "$(TARGET_NAME)";
				SWIFT_VERSION = 5.0;
				TARGETED_DEVICE_FAMILY = "1,2";
			};
			name = Debug;
		};
		5F37D15A25123C2A00F58CD5 /* Release */ = {
			isa = XCBuildConfiguration;
			baseConfigurationReference = 880CFEC3EA41A1DFBB06D467 /* Pods-BusBud.release.xcconfig */;
			buildSettings = {
				ASSETCATALOG_COMPILER_APPICON_NAME = AppIcon;
				ASSETCATALOG_COMPILER_GLOBAL_ACCENT_COLOR_NAME = AccentColor;
				CODE_SIGN_STYLE = Automatic;
				DEVELOPMENT_TEAM = 74W4KWPA75;
				INFOPLIST_FILE = BusBud/Info.plist;
				LD_RUNPATH_SEARCH_PATHS = (
					"$(inherited)",
					"@executable_path/Frameworks",
				);
				MARKETING_VERSION = 1.0.0;
				PRODUCT_BUNDLE_IDENTIFIER = com.sajjadsarkoobi.BusBud;
				PRODUCT_NAME = "$(TARGET_NAME)";
				SWIFT_VERSION = 5.0;
				TARGETED_DEVICE_FAMILY = "1,2";
			};
			name = Release;
		};
		5F37D15C25123C2A00F58CD5 /* Debug */ = {
			isa = XCBuildConfiguration;
			buildSettings = {
				ALWAYS_EMBED_SWIFT_STANDARD_LIBRARIES = YES;
				BUNDLE_LOADER = "$(TEST_HOST)";
				CODE_SIGN_STYLE = Automatic;
				DEVELOPMENT_TEAM = 74W4KWPA75;
				INFOPLIST_FILE = BusBudTests/Info.plist;
				IPHONEOS_DEPLOYMENT_TARGET = 14.0;
				LD_RUNPATH_SEARCH_PATHS = (
					"$(inherited)",
					"@executable_path/Frameworks",
					"@loader_path/Frameworks",
				);
				PRODUCT_BUNDLE_IDENTIFIER = com.sajjadsarkoobi.BusBudTests;
				PRODUCT_NAME = "$(TARGET_NAME)";
				SWIFT_VERSION = 5.0;
				TARGETED_DEVICE_FAMILY = "1,2";
				TEST_HOST = "$(BUILT_PRODUCTS_DIR)/BusBud.app/BusBud";
			};
			name = Debug;
		};
		5F37D15D25123C2A00F58CD5 /* Release */ = {
			isa = XCBuildConfiguration;
			buildSettings = {
				ALWAYS_EMBED_SWIFT_STANDARD_LIBRARIES = YES;
				BUNDLE_LOADER = "$(TEST_HOST)";
				CODE_SIGN_STYLE = Automatic;
				DEVELOPMENT_TEAM = 74W4KWPA75;
				INFOPLIST_FILE = BusBudTests/Info.plist;
				IPHONEOS_DEPLOYMENT_TARGET = 14.0;
				LD_RUNPATH_SEARCH_PATHS = (
					"$(inherited)",
					"@executable_path/Frameworks",
					"@loader_path/Frameworks",
				);
				PRODUCT_BUNDLE_IDENTIFIER = com.sajjadsarkoobi.BusBudTests;
				PRODUCT_NAME = "$(TARGET_NAME)";
				SWIFT_VERSION = 5.0;
				TARGETED_DEVICE_FAMILY = "1,2";
				TEST_HOST = "$(BUILT_PRODUCTS_DIR)/BusBud.app/BusBud";
			};
			name = Release;
		};
		5F37D15F25123C2A00F58CD5 /* Debug */ = {
			isa = XCBuildConfiguration;
			buildSettings = {
				ALWAYS_EMBED_SWIFT_STANDARD_LIBRARIES = YES;
				CODE_SIGN_STYLE = Automatic;
				DEVELOPMENT_TEAM = 74W4KWPA75;
				INFOPLIST_FILE = BusBudUITests/Info.plist;
				LD_RUNPATH_SEARCH_PATHS = (
					"$(inherited)",
					"@executable_path/Frameworks",
					"@loader_path/Frameworks",
				);
				PRODUCT_BUNDLE_IDENTIFIER = com.sajjadsarkoobi.BusBudUITests;
				PRODUCT_NAME = "$(TARGET_NAME)";
				SWIFT_VERSION = 5.0;
				TARGETED_DEVICE_FAMILY = "1,2";
				TEST_TARGET_NAME = BusBud;
			};
			name = Debug;
		};
		5F37D16025123C2A00F58CD5 /* Release */ = {
			isa = XCBuildConfiguration;
			buildSettings = {
				ALWAYS_EMBED_SWIFT_STANDARD_LIBRARIES = YES;
				CODE_SIGN_STYLE = Automatic;
				DEVELOPMENT_TEAM = 74W4KWPA75;
				INFOPLIST_FILE = BusBudUITests/Info.plist;
				LD_RUNPATH_SEARCH_PATHS = (
					"$(inherited)",
					"@executable_path/Frameworks",
					"@loader_path/Frameworks",
				);
				PRODUCT_BUNDLE_IDENTIFIER = com.sajjadsarkoobi.BusBudUITests;
				PRODUCT_NAME = "$(TARGET_NAME)";
				SWIFT_VERSION = 5.0;
				TARGETED_DEVICE_FAMILY = "1,2";
				TEST_TARGET_NAME = BusBud;
			};
			name = Release;
		};
/* End XCBuildConfiguration section */

/* Begin XCConfigurationList section */
		5F37D12925123C2900F58CD5 /* Build configuration list for PBXProject "BusBud" */ = {
			isa = XCConfigurationList;
			buildConfigurations = (
				5F37D15625123C2A00F58CD5 /* Debug */,
				5F37D15725123C2A00F58CD5 /* Release */,
			);
			defaultConfigurationIsVisible = 0;
			defaultConfigurationName = Release;
		};
		5F37D15825123C2A00F58CD5 /* Build configuration list for PBXNativeTarget "BusBud" */ = {
			isa = XCConfigurationList;
			buildConfigurations = (
				5F37D15925123C2A00F58CD5 /* Debug */,
				5F37D15A25123C2A00F58CD5 /* Release */,
			);
			defaultConfigurationIsVisible = 0;
			defaultConfigurationName = Release;
		};
		5F37D15B25123C2A00F58CD5 /* Build configuration list for PBXNativeTarget "BusBudTests" */ = {
			isa = XCConfigurationList;
			buildConfigurations = (
				5F37D15C25123C2A00F58CD5 /* Debug */,
				5F37D15D25123C2A00F58CD5 /* Release */,
			);
			defaultConfigurationIsVisible = 0;
			defaultConfigurationName = Release;
		};
		5F37D15E25123C2A00F58CD5 /* Build configuration list for PBXNativeTarget "BusBudUITests" */ = {
			isa = XCConfigurationList;
			buildConfigurations = (
				5F37D15F25123C2A00F58CD5 /* Debug */,
				5F37D16025123C2A00F58CD5 /* Release */,
			);
			defaultConfigurationIsVisible = 0;
			defaultConfigurationName = Release;
		};
/* End XCConfigurationList section */
	};
	rootObject = 5F37D12625123C2900F58CD5 /* Project object */;
}
