// !$*UTF8*$!
{
	archiveVersion = 1;
	classes = {
	};
	objectVersion = 51;
	objects = {

/* Begin PBXBuildFile section */
		3DDE7AFE4A30F6CF18937F12 /* Pods_OsheagaGo.framework in Frameworks */ = {isa = PBXBuildFile; fileRef = B99BDF0065D13320180276CA /* Pods_OsheagaGo.framework */; };
		491E8AD12548F56700F136FD /* Publisher+.swift in Sources */ = {isa = PBXBuildFile; fileRef = 491E8AD02548F56700F136FD /* Publisher+.swift */; };
		491E8ADE2548F6EB00F136FD /* OsheagaKit.framework in Frameworks */ = {isa = PBXBuildFile; fileRef = 491E8ADA2548F6B700F136FD /* OsheagaKit.framework */; };
		491E8ADF2548F6EB00F136FD /* OsheagaKit.framework in Embed Frameworks */ = {isa = PBXBuildFile; fileRef = 491E8ADA2548F6B700F136FD /* OsheagaKit.framework */; settings = {ATTRIBUTES = (CodeSignOnCopy, RemoveHeadersOnCopy, ); }; };
		4927F6EC2548B7F80005A6DB /* OsheagaGoApp.swift in Sources */ = {isa = PBXBuildFile; fileRef = 4927F6EB2548B7F80005A6DB /* OsheagaGoApp.swift */; };
		4927F6EE2548B7F80005A6DB /* DepartureSearchView.swift in Sources */ = {isa = PBXBuildFile; fileRef = 4927F6ED2548B7F80005A6DB /* DepartureSearchView.swift */; };
		4927F6F02548B7F90005A6DB /* Assets.xcassets in Resources */ = {isa = PBXBuildFile; fileRef = 4927F6EF2548B7F90005A6DB /* Assets.xcassets */; };
		4927F6FE2548B7F90005A6DB /* OsheagaGoTests.swift in Sources */ = {isa = PBXBuildFile; fileRef = 4927F6FD2548B7F90005A6DB /* OsheagaGoTests.swift */; };
		4927F7092548B7F90005A6DB /* OsheagaGoUITests.swift in Sources */ = {isa = PBXBuildFile; fileRef = 4927F7082548B7F90005A6DB /* OsheagaGoUITests.swift */; };
		4927F7EC2548DE350005A6DB /* DependencyContainer.swift in Sources */ = {isa = PBXBuildFile; fileRef = 4927F7EB2548DE350005A6DB /* DependencyContainer.swift */; };
		4927F7F22548DEDC0005A6DB /* OsheagaRestClient+.swift in Sources */ = {isa = PBXBuildFile; fileRef = 4927F7F12548DEDC0005A6DB /* OsheagaRestClient+.swift */; };
		4927F7F92548DF580005A6DB /* DepartureSearchService.swift in Sources */ = {isa = PBXBuildFile; fileRef = 4927F7F82548DF580005A6DB /* DepartureSearchService.swift */; };
/* End PBXBuildFile section */

/* Begin PBXContainerItemProxy section */
		4927F6FA2548B7F90005A6DB /* PBXContainerItemProxy */ = {
			isa = PBXContainerItemProxy;
			containerPortal = 4927F6E02548B7F80005A6DB /* Project object */;
			proxyType = 1;
			remoteGlobalIDString = 4927F6E72548B7F80005A6DB;
			remoteInfo = OsheagaGo;
		};
		4927F7052548B7F90005A6DB /* PBXContainerItemProxy */ = {
			isa = PBXContainerItemProxy;
			containerPortal = 4927F6E02548B7F80005A6DB /* Project object */;
			proxyType = 1;
			remoteGlobalIDString = 4927F6E72548B7F80005A6DB;
			remoteInfo = OsheagaGo;
		};
/* End PBXContainerItemProxy section */

/* Begin PBXCopyFilesBuildPhase section */
		4927F72A2548BEB30005A6DB /* Embed Frameworks */ = {
			isa = PBXCopyFilesBuildPhase;
			buildActionMask = 2147483647;
			dstPath = "";
			dstSubfolderSpec = 10;
			files = (
				491E8ADF2548F6EB00F136FD /* OsheagaKit.framework in Embed Frameworks */,
			);
			name = "Embed Frameworks";
			runOnlyForDeploymentPostprocessing = 0;
		};
/* End PBXCopyFilesBuildPhase section */

/* Begin PBXFileReference section */
		24924386720CE9D76FC5B6D0 /* Pods-OsheagaGo.debug.xcconfig */ = {isa = PBXFileReference; includeInIndex = 1; lastKnownFileType = text.xcconfig; name = "Pods-OsheagaGo.debug.xcconfig"; path = "Target Support Files/Pods-OsheagaGo/Pods-OsheagaGo.debug.xcconfig"; sourceTree = "<group>"; };
		491E8AD02548F56700F136FD /* Publisher+.swift */ = {isa = PBXFileReference; lastKnownFileType = sourcecode.swift; path = "Publisher+.swift"; sourceTree = "<group>"; };
		491E8ADA2548F6B700F136FD /* OsheagaKit.framework */ = {isa = PBXFileReference; explicitFileType = wrapper.framework; path = OsheagaKit.framework; sourceTree = BUILT_PRODUCTS_DIR; };
		4927F6E82548B7F80005A6DB /* OsheagaGo.app */ = {isa = PBXFileReference; explicitFileType = wrapper.application; includeInIndex = 0; path = OsheagaGo.app; sourceTree = BUILT_PRODUCTS_DIR; };
		4927F6EB2548B7F80005A6DB /* OsheagaGoApp.swift */ = {isa = PBXFileReference; lastKnownFileType = sourcecode.swift; path = OsheagaGoApp.swift; sourceTree = "<group>"; };
		4927F6ED2548B7F80005A6DB /* DepartureSearchView.swift */ = {isa = PBXFileReference; lastKnownFileType = sourcecode.swift; path = DepartureSearchView.swift; sourceTree = "<group>"; };
		4927F6EF2548B7F90005A6DB /* Assets.xcassets */ = {isa = PBXFileReference; lastKnownFileType = folder.assetcatalog; path = Assets.xcassets; sourceTree = "<group>"; };
		4927F6F42548B7F90005A6DB /* Info.plist */ = {isa = PBXFileReference; lastKnownFileType = text.plist.xml; path = Info.plist; sourceTree = "<group>"; };
		4927F6F92548B7F90005A6DB /* OsheagaGoTests.xctest */ = {isa = PBXFileReference; explicitFileType = wrapper.cfbundle; includeInIndex = 0; path = OsheagaGoTests.xctest; sourceTree = BUILT_PRODUCTS_DIR; };
		4927F6FD2548B7F90005A6DB /* OsheagaGoTests.swift */ = {isa = PBXFileReference; lastKnownFileType = sourcecode.swift; path = OsheagaGoTests.swift; sourceTree = "<group>"; };
		4927F6FF2548B7F90005A6DB /* Info.plist */ = {isa = PBXFileReference; lastKnownFileType = text.plist.xml; path = Info.plist; sourceTree = "<group>"; };
		4927F7042548B7F90005A6DB /* OsheagaGoUITests.xctest */ = {isa = PBXFileReference; explicitFileType = wrapper.cfbundle; includeInIndex = 0; path = OsheagaGoUITests.xctest; sourceTree = BUILT_PRODUCTS_DIR; };
		4927F7082548B7F90005A6DB /* OsheagaGoUITests.swift */ = {isa = PBXFileReference; lastKnownFileType = sourcecode.swift; path = OsheagaGoUITests.swift; sourceTree = "<group>"; };
		4927F70A2548B7F90005A6DB /* Info.plist */ = {isa = PBXFileReference; lastKnownFileType = text.plist.xml; path = Info.plist; sourceTree = "<group>"; };
		4927F7EB2548DE350005A6DB /* DependencyContainer.swift */ = {isa = PBXFileReference; lastKnownFileType = sourcecode.swift; path = DependencyContainer.swift; sourceTree = "<group>"; };
		4927F7F12548DEDC0005A6DB /* OsheagaRestClient+.swift */ = {isa = PBXFileReference; lastKnownFileType = sourcecode.swift; path = "OsheagaRestClient+.swift"; sourceTree = "<group>"; };
		4927F7F82548DF580005A6DB /* DepartureSearchService.swift */ = {isa = PBXFileReference; fileEncoding = 4; lastKnownFileType = sourcecode.swift; path = DepartureSearchService.swift; sourceTree = "<group>"; };
		965FDC48C0EAB76DA0D1C8FF /* Pods-OsheagaGo.release.xcconfig */ = {isa = PBXFileReference; includeInIndex = 1; lastKnownFileType = text.xcconfig; name = "Pods-OsheagaGo.release.xcconfig"; path = "Target Support Files/Pods-OsheagaGo/Pods-OsheagaGo.release.xcconfig"; sourceTree = "<group>"; };
		B99BDF0065D13320180276CA /* Pods_OsheagaGo.framework */ = {isa = PBXFileReference; explicitFileType = wrapper.framework; includeInIndex = 0; path = Pods_OsheagaGo.framework; sourceTree = BUILT_PRODUCTS_DIR; };
/* End PBXFileReference section */

/* Begin PBXFrameworksBuildPhase section */
		4927F6E52548B7F80005A6DB /* Frameworks */ = {
			isa = PBXFrameworksBuildPhase;
			buildActionMask = 2147483647;
			files = (
				491E8ADE2548F6EB00F136FD /* OsheagaKit.framework in Frameworks */,
				3DDE7AFE4A30F6CF18937F12 /* Pods_OsheagaGo.framework in Frameworks */,
			);
			runOnlyForDeploymentPostprocessing = 0;
		};
		4927F6F62548B7F90005A6DB /* Frameworks */ = {
			isa = PBXFrameworksBuildPhase;
			buildActionMask = 2147483647;
			files = (
			);
			runOnlyForDeploymentPostprocessing = 0;
		};
		4927F7012548B7F90005A6DB /* Frameworks */ = {
			isa = PBXFrameworksBuildPhase;
			buildActionMask = 2147483647;
			files = (
			);
			runOnlyForDeploymentPostprocessing = 0;
		};
/* End PBXFrameworksBuildPhase section */

/* Begin PBXGroup section */
		491E8ACF2548F55600F136FD /* Utilities */ = {
			isa = PBXGroup;
			children = (
				491E8AD02548F56700F136FD /* Publisher+.swift */,
			);
			path = Utilities;
			sourceTree = "<group>";
		};
		4927F6DF2548B7F80005A6DB = {
			isa = PBXGroup;
			children = (
				4927F6EA2548B7F80005A6DB /* OsheagaGo */,
				4927F6FC2548B7F90005A6DB /* OsheagaGoTests */,
				4927F7072548B7F90005A6DB /* OsheagaGoUITests */,
				4927F6E92548B7F80005A6DB /* Products */,
				4927F75C2548BF1F0005A6DB /* Frameworks */,
				D6501B983C7F1A616F9FF2BC /* Pods */,
			);
			sourceTree = "<group>";
		};
		4927F6E92548B7F80005A6DB /* Products */ = {
			isa = PBXGroup;
			children = (
				4927F6E82548B7F80005A6DB /* OsheagaGo.app */,
				4927F6F92548B7F90005A6DB /* OsheagaGoTests.xctest */,
				4927F7042548B7F90005A6DB /* OsheagaGoUITests.xctest */,
			);
			name = Products;
			sourceTree = "<group>";
		};
		4927F6EA2548B7F80005A6DB /* OsheagaGo */ = {
			isa = PBXGroup;
			children = (
				4927F7E82548DE1D0005A6DB /* Services */,
				4927F7F52548DEE20005A6DB /* System */,
				491E8ACF2548F55600F136FD /* Utilities */,
				4927F6EF2548B7F90005A6DB /* Assets.xcassets */,
				4927F6ED2548B7F80005A6DB /* DepartureSearchView.swift */,
				4927F6F42548B7F90005A6DB /* Info.plist */,
				4927F6EB2548B7F80005A6DB /* OsheagaGoApp.swift */,
			);
			path = OsheagaGo;
			sourceTree = "<group>";
		};
		4927F6FC2548B7F90005A6DB /* OsheagaGoTests */ = {
			isa = PBXGroup;
			children = (
				4927F6FD2548B7F90005A6DB /* OsheagaGoTests.swift */,
				4927F6FF2548B7F90005A6DB /* Info.plist */,
			);
			path = OsheagaGoTests;
			sourceTree = "<group>";
		};
		4927F7072548B7F90005A6DB /* OsheagaGoUITests */ = {
			isa = PBXGroup;
			children = (
				4927F7082548B7F90005A6DB /* OsheagaGoUITests.swift */,
				4927F70A2548B7F90005A6DB /* Info.plist */,
			);
			path = OsheagaGoUITests;
			sourceTree = "<group>";
		};
		4927F75C2548BF1F0005A6DB /* Frameworks */ = {
			isa = PBXGroup;
			children = (
				491E8ADA2548F6B700F136FD /* OsheagaKit.framework */,
				B99BDF0065D13320180276CA /* Pods_OsheagaGo.framework */,
			);
			name = Frameworks;
			sourceTree = "<group>";
		};
		4927F7E82548DE1D0005A6DB /* Services */ = {
			isa = PBXGroup;
			children = (
				4927F7F82548DF580005A6DB /* DepartureSearchService.swift */,
			);
			path = Services;
			sourceTree = "<group>";
		};
		4927F7F52548DEE20005A6DB /* System */ = {
			isa = PBXGroup;
			children = (
				4927F7EB2548DE350005A6DB /* DependencyContainer.swift */,
				4927F7F12548DEDC0005A6DB /* OsheagaRestClient+.swift */,
			);
			path = System;
			sourceTree = "<group>";
		};
		D6501B983C7F1A616F9FF2BC /* Pods */ = {
			isa = PBXGroup;
			children = (
				24924386720CE9D76FC5B6D0 /* Pods-OsheagaGo.debug.xcconfig */,
				965FDC48C0EAB76DA0D1C8FF /* Pods-OsheagaGo.release.xcconfig */,
			);
			name = Pods;
			path = ../Pods;
			sourceTree = "<group>";
		};
/* End PBXGroup section */

/* Begin PBXNativeTarget section */
		4927F6E72548B7F80005A6DB /* OsheagaGo */ = {
			isa = PBXNativeTarget;
			buildConfigurationList = 4927F70D2548B7F90005A6DB /* Build configuration list for PBXNativeTarget "OsheagaGo" */;
			buildPhases = (
				35B893985456FD83103407E7 /* [CP] Check Pods Manifest.lock */,
				4927F6E42548B7F80005A6DB /* Sources */,
				4927F6E52548B7F80005A6DB /* Frameworks */,
				4927F6E62548B7F80005A6DB /* Resources */,
				4927F72A2548BEB30005A6DB /* Embed Frameworks */,
				202B97B7E27F92DE3DC539E0 /* [CP] Embed Pods Frameworks */,
			);
			buildRules = (
			);
			dependencies = (
			);
			name = OsheagaGo;
			productName = OsheagaGo;
			productReference = 4927F6E82548B7F80005A6DB /* OsheagaGo.app */;
			productType = "com.apple.product-type.application";
		};
		4927F6F82548B7F90005A6DB /* OsheagaGoTests */ = {
			isa = PBXNativeTarget;
			buildConfigurationList = 4927F7102548B7F90005A6DB /* Build configuration list for PBXNativeTarget "OsheagaGoTests" */;
			buildPhases = (
				4927F6F52548B7F90005A6DB /* Sources */,
				4927F6F62548B7F90005A6DB /* Frameworks */,
				4927F6F72548B7F90005A6DB /* Resources */,
			);
			buildRules = (
			);
			dependencies = (
				4927F6FB2548B7F90005A6DB /* PBXTargetDependency */,
			);
			name = OsheagaGoTests;
			productName = OsheagaGoTests;
			productReference = 4927F6F92548B7F90005A6DB /* OsheagaGoTests.xctest */;
			productType = "com.apple.product-type.bundle.unit-test";
		};
		4927F7032548B7F90005A6DB /* OsheagaGoUITests */ = {
			isa = PBXNativeTarget;
			buildConfigurationList = 4927F7132548B7F90005A6DB /* Build configuration list for PBXNativeTarget "OsheagaGoUITests" */;
			buildPhases = (
				4927F7002548B7F90005A6DB /* Sources */,
				4927F7012548B7F90005A6DB /* Frameworks */,
				4927F7022548B7F90005A6DB /* Resources */,
			);
			buildRules = (
			);
			dependencies = (
				4927F7062548B7F90005A6DB /* PBXTargetDependency */,
			);
			name = OsheagaGoUITests;
			productName = OsheagaGoUITests;
			productReference = 4927F7042548B7F90005A6DB /* OsheagaGoUITests.xctest */;
			productType = "com.apple.product-type.bundle.ui-testing";
		};
/* End PBXNativeTarget section */

/* Begin PBXProject section */
		4927F6E02548B7F80005A6DB /* Project object */ = {
			isa = PBXProject;
			attributes = {
				LastSwiftUpdateCheck = 1210;
				LastUpgradeCheck = 1210;
				TargetAttributes = {
					4927F6E72548B7F80005A6DB = {
						CreatedOnToolsVersion = 12.1;
					};
					4927F6F82548B7F90005A6DB = {
						CreatedOnToolsVersion = 12.1;
						TestTargetID = 4927F6E72548B7F80005A6DB;
					};
					4927F7032548B7F90005A6DB = {
						CreatedOnToolsVersion = 12.1;
						TestTargetID = 4927F6E72548B7F80005A6DB;
					};
				};
			};
			buildConfigurationList = 4927F6E32548B7F80005A6DB /* Build configuration list for PBXProject "OsheagaGo" */;
			compatibilityVersion = "Xcode 9.3";
			developmentRegion = en;
			hasScannedForEncodings = 0;
			knownRegions = (
				en,
				Base,
			);
			mainGroup = 4927F6DF2548B7F80005A6DB;
			productRefGroup = 4927F6E92548B7F80005A6DB /* Products */;
			projectDirPath = "";
			projectRoot = "";
			targets = (
				4927F6E72548B7F80005A6DB /* OsheagaGo */,
				4927F6F82548B7F90005A6DB /* OsheagaGoTests */,
				4927F7032548B7F90005A6DB /* OsheagaGoUITests */,
			);
		};
/* End PBXProject section */

/* Begin PBXResourcesBuildPhase section */
		4927F6E62548B7F80005A6DB /* Resources */ = {
			isa = PBXResourcesBuildPhase;
			buildActionMask = 2147483647;
			files = (
				4927F6F02548B7F90005A6DB /* Assets.xcassets in Resources */,
			);
			runOnlyForDeploymentPostprocessing = 0;
		};
		4927F6F72548B7F90005A6DB /* Resources */ = {
			isa = PBXResourcesBuildPhase;
			buildActionMask = 2147483647;
			files = (
			);
			runOnlyForDeploymentPostprocessing = 0;
		};
		4927F7022548B7F90005A6DB /* Resources */ = {
			isa = PBXResourcesBuildPhase;
			buildActionMask = 2147483647;
			files = (
			);
			runOnlyForDeploymentPostprocessing = 0;
		};
/* End PBXResourcesBuildPhase section */

/* Begin PBXShellScriptBuildPhase section */
		202B97B7E27F92DE3DC539E0 /* [CP] Embed Pods Frameworks */ = {
			isa = PBXShellScriptBuildPhase;
			buildActionMask = 2147483647;
			files = (
			);
			inputFileListPaths = (
				"${PODS_ROOT}/Target Support Files/Pods-OsheagaGo/Pods-OsheagaGo-frameworks-${CONFIGURATION}-input-files.xcfilelist",
			);
			name = "[CP] Embed Pods Frameworks";
			outputFileListPaths = (
				"${PODS_ROOT}/Target Support Files/Pods-OsheagaGo/Pods-OsheagaGo-frameworks-${CONFIGURATION}-output-files.xcfilelist",
			);
			runOnlyForDeploymentPostprocessing = 0;
			shellPath = /bin/sh;
			shellScript = "\"${PODS_ROOT}/Target Support Files/Pods-OsheagaGo/Pods-OsheagaGo-frameworks.sh\"\n";
			showEnvVarsInLog = 0;
		};
		35B893985456FD83103407E7 /* [CP] Check Pods Manifest.lock */ = {
			isa = PBXShellScriptBuildPhase;
			buildActionMask = 2147483647;
			files = (
			);
			inputFileListPaths = (
			);
			inputPaths = (
				"${PODS_PODFILE_DIR_PATH}/Podfile.lock",
				"${PODS_ROOT}/Manifest.lock",
			);
			name = "[CP] Check Pods Manifest.lock";
			outputFileListPaths = (
			);
			outputPaths = (
				"$(DERIVED_FILE_DIR)/Pods-OsheagaGo-checkManifestLockResult.txt",
			);
			runOnlyForDeploymentPostprocessing = 0;
			shellPath = /bin/sh;
			shellScript = "diff \"${PODS_PODFILE_DIR_PATH}/Podfile.lock\" \"${PODS_ROOT}/Manifest.lock\" > /dev/null\nif [ $? != 0 ] ; then\n    # print error to STDERR\n    echo \"error: The sandbox is not in sync with the Podfile.lock. Run 'pod install' or update your CocoaPods installation.\" >&2\n    exit 1\nfi\n# This output is used by Xcode 'outputs' to avoid re-running this script phase.\necho \"SUCCESS\" > \"${SCRIPT_OUTPUT_FILE_0}\"\n";
			showEnvVarsInLog = 0;
		};
/* End PBXShellScriptBuildPhase section */

/* Begin PBXSourcesBuildPhase section */
		4927F6E42548B7F80005A6DB /* Sources */ = {
			isa = PBXSourcesBuildPhase;
			buildActionMask = 2147483647;
			files = (
				491E8AD12548F56700F136FD /* Publisher+.swift in Sources */,
				4927F7F92548DF580005A6DB /* DepartureSearchService.swift in Sources */,
				4927F7F22548DEDC0005A6DB /* OsheagaRestClient+.swift in Sources */,
				4927F7EC2548DE350005A6DB /* DependencyContainer.swift in Sources */,
				4927F6EE2548B7F80005A6DB /* DepartureSearchView.swift in Sources */,
				4927F6EC2548B7F80005A6DB /* OsheagaGoApp.swift in Sources */,
			);
			runOnlyForDeploymentPostprocessing = 0;
		};
		4927F6F52548B7F90005A6DB /* Sources */ = {
			isa = PBXSourcesBuildPhase;
			buildActionMask = 2147483647;
			files = (
				4927F6FE2548B7F90005A6DB /* OsheagaGoTests.swift in Sources */,
			);
			runOnlyForDeploymentPostprocessing = 0;
		};
		4927F7002548B7F90005A6DB /* Sources */ = {
			isa = PBXSourcesBuildPhase;
			buildActionMask = 2147483647;
			files = (
				4927F7092548B7F90005A6DB /* OsheagaGoUITests.swift in Sources */,
			);
			runOnlyForDeploymentPostprocessing = 0;
		};
/* End PBXSourcesBuildPhase section */

/* Begin PBXTargetDependency section */
		4927F6FB2548B7F90005A6DB /* PBXTargetDependency */ = {
			isa = PBXTargetDependency;
			target = 4927F6E72548B7F80005A6DB /* OsheagaGo */;
			targetProxy = 4927F6FA2548B7F90005A6DB /* PBXContainerItemProxy */;
		};
		4927F7062548B7F90005A6DB /* PBXTargetDependency */ = {
			isa = PBXTargetDependency;
			target = 4927F6E72548B7F80005A6DB /* OsheagaGo */;
			targetProxy = 4927F7052548B7F90005A6DB /* PBXContainerItemProxy */;
		};
/* End PBXTargetDependency section */

/* Begin XCBuildConfiguration section */
		4927F70B2548B7F90005A6DB /* Debug */ = {
			isa = XCBuildConfiguration;
			buildSettings = {
				ALWAYS_SEARCH_USER_PATHS = NO;
				CLANG_ANALYZER_NONNULL = YES;
				CLANG_ANALYZER_NUMBER_OBJECT_CONVERSION = YES_AGGRESSIVE;
				CLANG_CXX_LANGUAGE_STANDARD = "gnu++14";
				CLANG_CXX_LIBRARY = "libc++";
				CLANG_ENABLE_MODULES = YES;
				CLANG_ENABLE_OBJC_ARC = YES;
				CLANG_ENABLE_OBJC_WEAK = YES;
				CLANG_WARN_BLOCK_CAPTURE_AUTORELEASING = YES;
				CLANG_WARN_BOOL_CONVERSION = YES;
				CLANG_WARN_COMMA = YES;
				CLANG_WARN_CONSTANT_CONVERSION = YES;
				CLANG_WARN_DEPRECATED_OBJC_IMPLEMENTATIONS = YES;
				CLANG_WARN_DIRECT_OBJC_ISA_USAGE = YES_ERROR;
				CLANG_WARN_DOCUMENTATION_COMMENTS = YES;
				CLANG_WARN_EMPTY_BODY = YES;
				CLANG_WARN_ENUM_CONVERSION = YES;
				CLANG_WARN_INFINITE_RECURSION = YES;
				CLANG_WARN_INT_CONVERSION = YES;
				CLANG_WARN_NON_LITERAL_NULL_CONVERSION = YES;
				CLANG_WARN_OBJC_IMPLICIT_RETAIN_SELF = YES;
				CLANG_WARN_OBJC_LITERAL_CONVERSION = YES;
				CLANG_WARN_OBJC_ROOT_CLASS = YES_ERROR;
				CLANG_WARN_QUOTED_INCLUDE_IN_FRAMEWORK_HEADER = YES;
				CLANG_WARN_RANGE_LOOP_ANALYSIS = YES;
				CLANG_WARN_STRICT_PROTOTYPES = YES;
				CLANG_WARN_SUSPICIOUS_MOVE = YES;
				CLANG_WARN_UNGUARDED_AVAILABILITY = YES_AGGRESSIVE;
				CLANG_WARN_UNREACHABLE_CODE = YES;
				CLANG_WARN__DUPLICATE_METHOD_MATCH = YES;
				COPY_PHASE_STRIP = NO;
				DEBUG_INFORMATION_FORMAT = dwarf;
				ENABLE_STRICT_OBJC_MSGSEND = YES;
				ENABLE_TESTABILITY = YES;
				GCC_C_LANGUAGE_STANDARD = gnu11;
				GCC_DYNAMIC_NO_PIC = NO;
				GCC_NO_COMMON_BLOCKS = YES;
				GCC_OPTIMIZATION_LEVEL = 0;
				GCC_PREPROCESSOR_DEFINITIONS = (
					"DEBUG=1",
					"$(inherited)",
				);
				GCC_WARN_64_TO_32_BIT_CONVERSION = YES;
				GCC_WARN_ABOUT_RETURN_TYPE = YES_ERROR;
				GCC_WARN_UNDECLARED_SELECTOR = YES;
				GCC_WARN_UNINITIALIZED_AUTOS = YES_AGGRESSIVE;
				GCC_WARN_UNUSED_FUNCTION = YES;
				GCC_WARN_UNUSED_VARIABLE = YES;
				IPHONEOS_DEPLOYMENT_TARGET = 14.1;
				MTL_ENABLE_DEBUG_INFO = INCLUDE_SOURCE;
				MTL_FAST_MATH = YES;
				ONLY_ACTIVE_ARCH = YES;
				SDKROOT = iphoneos;
				SWIFT_ACTIVE_COMPILATION_CONDITIONS = DEBUG;
				SWIFT_OPTIMIZATION_LEVEL = "-Onone";
			};
			name = Debug;
		};
		4927F70C2548B7F90005A6DB /* Release */ = {
			isa = XCBuildConfiguration;
			buildSettings = {
				ALWAYS_SEARCH_USER_PATHS = NO;
				CLANG_ANALYZER_NONNULL = YES;
				CLANG_ANALYZER_NUMBER_OBJECT_CONVERSION = YES_AGGRESSIVE;
				CLANG_CXX_LANGUAGE_STANDARD = "gnu++14";
				CLANG_CXX_LIBRARY = "libc++";
				CLANG_ENABLE_MODULES = YES;
				CLANG_ENABLE_OBJC_ARC = YES;
				CLANG_ENABLE_OBJC_WEAK = YES;
				CLANG_WARN_BLOCK_CAPTURE_AUTORELEASING = YES;
				CLANG_WARN_BOOL_CONVERSION = YES;
				CLANG_WARN_COMMA = YES;
				CLANG_WARN_CONSTANT_CONVERSION = YES;
				CLANG_WARN_DEPRECATED_OBJC_IMPLEMENTATIONS = YES;
				CLANG_WARN_DIRECT_OBJC_ISA_USAGE = YES_ERROR;
				CLANG_WARN_DOCUMENTATION_COMMENTS = YES;
				CLANG_WARN_EMPTY_BODY = YES;
				CLANG_WARN_ENUM_CONVERSION = YES;
				CLANG_WARN_INFINITE_RECURSION = YES;
				CLANG_WARN_INT_CONVERSION = YES;
				CLANG_WARN_NON_LITERAL_NULL_CONVERSION = YES;
				CLANG_WARN_OBJC_IMPLICIT_RETAIN_SELF = YES;
				CLANG_WARN_OBJC_LITERAL_CONVERSION = YES;
				CLANG_WARN_OBJC_ROOT_CLASS = YES_ERROR;
				CLANG_WARN_QUOTED_INCLUDE_IN_FRAMEWORK_HEADER = YES;
				CLANG_WARN_RANGE_LOOP_ANALYSIS = YES;
				CLANG_WARN_STRICT_PROTOTYPES = YES;
				CLANG_WARN_SUSPICIOUS_MOVE = YES;
				CLANG_WARN_UNGUARDED_AVAILABILITY = YES_AGGRESSIVE;
				CLANG_WARN_UNREACHABLE_CODE = YES;
				CLANG_WARN__DUPLICATE_METHOD_MATCH = YES;
				COPY_PHASE_STRIP = NO;
				DEBUG_INFORMATION_FORMAT = "dwarf-with-dsym";
				ENABLE_NS_ASSERTIONS = NO;
				ENABLE_STRICT_OBJC_MSGSEND = YES;
				GCC_C_LANGUAGE_STANDARD = gnu11;
				GCC_NO_COMMON_BLOCKS = YES;
				GCC_WARN_64_TO_32_BIT_CONVERSION = YES;
				GCC_WARN_ABOUT_RETURN_TYPE = YES_ERROR;
				GCC_WARN_UNDECLARED_SELECTOR = YES;
				GCC_WARN_UNINITIALIZED_AUTOS = YES_AGGRESSIVE;
				GCC_WARN_UNUSED_FUNCTION = YES;
				GCC_WARN_UNUSED_VARIABLE = YES;
				IPHONEOS_DEPLOYMENT_TARGET = 14.1;
				MTL_ENABLE_DEBUG_INFO = NO;
				MTL_FAST_MATH = YES;
				SDKROOT = iphoneos;
				SWIFT_COMPILATION_MODE = wholemodule;
				SWIFT_OPTIMIZATION_LEVEL = "-O";
				VALIDATE_PRODUCT = YES;
			};
			name = Release;
		};
		4927F70E2548B7F90005A6DB /* Debug */ = {
			isa = XCBuildConfiguration;
			baseConfigurationReference = 24924386720CE9D76FC5B6D0 /* Pods-OsheagaGo.debug.xcconfig */;
			buildSettings = {
				ASSETCATALOG_COMPILER_APPICON_NAME = AppIcon;
				ASSETCATALOG_COMPILER_GLOBAL_ACCENT_COLOR_NAME = AccentColor;
				CODE_SIGN_STYLE = Automatic;
				ENABLE_PREVIEWS = YES;
				INFOPLIST_FILE = OsheagaGo/Info.plist;
				IPHONEOS_DEPLOYMENT_TARGET = 14.0;
				LD_RUNPATH_SEARCH_PATHS = (
					"$(inherited)",
					"@executable_path/Frameworks",
				);
				PRODUCT_BUNDLE_IDENTIFIER = com.kevinmalkic.OsheagaGo;
				PRODUCT_NAME = "$(TARGET_NAME)";
				SWIFT_VERSION = 5.0;
				TARGETED_DEVICE_FAMILY = "1,2";
			};
			name = Debug;
		};
		4927F70F2548B7F90005A6DB /* Release */ = {
			isa = XCBuildConfiguration;
			baseConfigurationReference = 965FDC48C0EAB76DA0D1C8FF /* Pods-OsheagaGo.release.xcconfig */;
			buildSettings = {
				ASSETCATALOG_COMPILER_APPICON_NAME = AppIcon;
				ASSETCATALOG_COMPILER_GLOBAL_ACCENT_COLOR_NAME = AccentColor;
				CODE_SIGN_STYLE = Automatic;
				ENABLE_PREVIEWS = YES;
				INFOPLIST_FILE = OsheagaGo/Info.plist;
				IPHONEOS_DEPLOYMENT_TARGET = 14.0;
				LD_RUNPATH_SEARCH_PATHS = (
					"$(inherited)",
					"@executable_path/Frameworks",
				);
				PRODUCT_BUNDLE_IDENTIFIER = com.kevinmalkic.OsheagaGo;
				PRODUCT_NAME = "$(TARGET_NAME)";
				SWIFT_VERSION = 5.0;
				TARGETED_DEVICE_FAMILY = "1,2";
			};
			name = Release;
		};
		4927F7112548B7F90005A6DB /* Debug */ = {
			isa = XCBuildConfiguration;
			buildSettings = {
				ALWAYS_EMBED_SWIFT_STANDARD_LIBRARIES = YES;
				BUNDLE_LOADER = "$(TEST_HOST)";
				CODE_SIGN_STYLE = Automatic;
				INFOPLIST_FILE = OsheagaGoTests/Info.plist;
				IPHONEOS_DEPLOYMENT_TARGET = 14.0;
				LD_RUNPATH_SEARCH_PATHS = (
					"$(inherited)",
					"@executable_path/Frameworks",
					"@loader_path/Frameworks",
				);
				PRODUCT_BUNDLE_IDENTIFIER = com.kevinmalkic.OsheagaGoTests;
				PRODUCT_NAME = "$(TARGET_NAME)";
				SWIFT_VERSION = 5.0;
				TARGETED_DEVICE_FAMILY = "1,2";
				TEST_HOST = "$(BUILT_PRODUCTS_DIR)/OsheagaGo.app/OsheagaGo";
			};
			name = Debug;
		};
		4927F7122548B7F90005A6DB /* Release */ = {
			isa = XCBuildConfiguration;
			buildSettings = {
				ALWAYS_EMBED_SWIFT_STANDARD_LIBRARIES = YES;
				BUNDLE_LOADER = "$(TEST_HOST)";
				CODE_SIGN_STYLE = Automatic;
				INFOPLIST_FILE = OsheagaGoTests/Info.plist;
				IPHONEOS_DEPLOYMENT_TARGET = 14.0;
				LD_RUNPATH_SEARCH_PATHS = (
					"$(inherited)",
					"@executable_path/Frameworks",
					"@loader_path/Frameworks",
				);
				PRODUCT_BUNDLE_IDENTIFIER = com.kevinmalkic.OsheagaGoTests;
				PRODUCT_NAME = "$(TARGET_NAME)";
				SWIFT_VERSION = 5.0;
				TARGETED_DEVICE_FAMILY = "1,2";
				TEST_HOST = "$(BUILT_PRODUCTS_DIR)/OsheagaGo.app/OsheagaGo";
			};
			name = Release;
		};
		4927F7142548B7F90005A6DB /* Debug */ = {
			isa = XCBuildConfiguration;
			buildSettings = {
				ALWAYS_EMBED_SWIFT_STANDARD_LIBRARIES = YES;
				CODE_SIGN_STYLE = Automatic;
				INFOPLIST_FILE = OsheagaGoUITests/Info.plist;
				LD_RUNPATH_SEARCH_PATHS = (
					"$(inherited)",
					"@executable_path/Frameworks",
					"@loader_path/Frameworks",
				);
				PRODUCT_BUNDLE_IDENTIFIER = com.kevinmalkic.OsheagaGoUITests;
				PRODUCT_NAME = "$(TARGET_NAME)";
				SWIFT_VERSION = 5.0;
				TARGETED_DEVICE_FAMILY = "1,2";
				TEST_TARGET_NAME = OsheagaGo;
			};
			name = Debug;
		};
		4927F7152548B7F90005A6DB /* Release */ = {
			isa = XCBuildConfiguration;
			buildSettings = {
				ALWAYS_EMBED_SWIFT_STANDARD_LIBRARIES = YES;
				CODE_SIGN_STYLE = Automatic;
				INFOPLIST_FILE = OsheagaGoUITests/Info.plist;
				LD_RUNPATH_SEARCH_PATHS = (
					"$(inherited)",
					"@executable_path/Frameworks",
					"@loader_path/Frameworks",
				);
				PRODUCT_BUNDLE_IDENTIFIER = com.kevinmalkic.OsheagaGoUITests;
				PRODUCT_NAME = "$(TARGET_NAME)";
				SWIFT_VERSION = 5.0;
				TARGETED_DEVICE_FAMILY = "1,2";
				TEST_TARGET_NAME = OsheagaGo;
			};
			name = Release;
		};
/* End XCBuildConfiguration section */

/* Begin XCConfigurationList section */
		4927F6E32548B7F80005A6DB /* Build configuration list for PBXProject "OsheagaGo" */ = {
			isa = XCConfigurationList;
			buildConfigurations = (
				4927F70B2548B7F90005A6DB /* Debug */,
				4927F70C2548B7F90005A6DB /* Release */,
			);
			defaultConfigurationIsVisible = 0;
			defaultConfigurationName = Release;
		};
		4927F70D2548B7F90005A6DB /* Build configuration list for PBXNativeTarget "OsheagaGo" */ = {
			isa = XCConfigurationList;
			buildConfigurations = (
				4927F70E2548B7F90005A6DB /* Debug */,
				4927F70F2548B7F90005A6DB /* Release */,
			);
			defaultConfigurationIsVisible = 0;
			defaultConfigurationName = Release;
		};
		4927F7102548B7F90005A6DB /* Build configuration list for PBXNativeTarget "OsheagaGoTests" */ = {
			isa = XCConfigurationList;
			buildConfigurations = (
				4927F7112548B7F90005A6DB /* Debug */,
				4927F7122548B7F90005A6DB /* Release */,
			);
			defaultConfigurationIsVisible = 0;
			defaultConfigurationName = Release;
		};
		4927F7132548B7F90005A6DB /* Build configuration list for PBXNativeTarget "OsheagaGoUITests" */ = {
			isa = XCConfigurationList;
			buildConfigurations = (
				4927F7142548B7F90005A6DB /* Debug */,
				4927F7152548B7F90005A6DB /* Release */,
			);
			defaultConfigurationIsVisible = 0;
			defaultConfigurationName = Release;
		};
/* End XCConfigurationList section */
	};
	rootObject = 4927F6E02548B7F80005A6DB /* Project object */;
}
